
Microsoft Visual Studio Solution File, Format Version 12.00
# Visual Studio Version 16
VisualStudioVersion = 16.0.31729.503
MinimumVisualStudioVersion = 10.0.40219.1
Project("{FAE04EC0-301F-11D3-BF4B-00C04F79EFBC}") = "BlogDuLich", "BlogDuLich\BlogDuLich.csproj", "{0E532F5B-2E0A-4D47-A9C8-F1AC5366940A}"
EndProject
Global
	GlobalSection(SolutionConfigurationPlatforms) = preSolution
		Debug|Any CPU = Debug|Any CPU
		Release|Any CPU = Release|Any CPU
	EndGlobalSection
	GlobalSection(ProjectConfigurationPlatforms) = postSolution
		{0E532F5B-2E0A-4D47-A9C8-F1AC5366940A}.Debug|Any CPU.ActiveCfg = Debug|Any CPU
		{0E532F5B-2E0A-4D47-A9C8-F1AC5366940A}.Debug|Any CPU.Build.0 = Debug|Any CPU
		{0E532F5B-2E0A-4D47-A9C8-F1AC5366940A}.Release|Any CPU.ActiveCfg = Release|Any CPU
		{0E532F5B-2E0A-4D47-A9C8-F1AC5366940A}.Release|Any CPU.Build.0 = Release|Any CPU
	EndGlobalSection
	GlobalSection(SolutionProperties) = preSolution
		HideSolutionNode = FALSE
	EndGlobalSection
	GlobalSection(ExtensibilityGlobals) = postSolution
		SolutionGuid = {5178DA95-D815-451A-BC58-D98EF8C06493}
	EndGlobalSection
EndGlobal
